PODS:
  - RyCyxbsExtensionOC (0.1.1)
  - RyScheduleCourseOC (0.1.1):
    - RyCyxbsExtensionOC
    - WCDB (~> 1.1.0)
  - SQLiteRepairKit (1.3.0):
    - WCDBOptimizedSQLCipher (~> 1.3.0)
  - WCDB (1.1.0):
    - SQLiteRepairKit (~> 1.3.0)
    - WCDBOptimizedSQLCipher (~> 1.3.0)
  - WCDBOptimizedSQLCipher (1.3.0)

DEPENDENCIES:
  - RyScheduleCourseOC (from `../`)

SPEC REPOS:
  https://github.com/CocoaPods/Specs.git:
    - SQLiteRepairKit
    - WCDB
    - WCDBOptimizedSQLCipher
  https://github.com/RisingSSR/RisingCyxbsSepc.git:
    - RyCyxbsExtensionOC

EXTERNAL SOURCES:
  RyScheduleCourseOC:
    :path: "../"

SPEC CHECKSUMS:
  RyCyxbsExtensionOC: e7946ae15a29de3b6e340744f4796c2f0a65c619
  RyScheduleCourseOC: 1ee2fb45bd66239e7a39ab0f97897618bcbee416
  SQLiteRepairKit: a66145aadae91886c800f75e16f5cc6476af1a93
  WCDB: 3767097e36d1cf3179620368593ccc585278fbc1
  WCDBOptimizedSQLCipher: fc5d49fe6761e54aad29e88da01b6fc1283e5759

PODFILE CHECKSUM: 8cbb1f1c390938ca3c8d259ea61e42ba56cf7d9d

COCOAPODS: 1.12.1
